// !$*UTF8*$!
{
	archiveVersion = 1;
	classes = {
	};
	objectVersion = 46;
	objects = {

/* Begin PBXBuildFile section */
		75F4B2751B4C967600D1536D /* AppDelegate.swift in Sources */ = {isa = PBXBuildFile; fileRef = 75F4B2741B4C967600D1536D /* AppDelegate.swift */; };
		75F4B2771B4C967600D1536D /* GPXViewController.swift in Sources */ = {isa = PBXBuildFile; fileRef = 75F4B2761B4C967600D1536D /* GPXViewController.swift */; };
		75F4B27A1B4C967600D1536D /* Main.storyboard in Resources */ = {isa = PBXBuildFile; fileRef = 75F4B2781B4C967600D1536D /* Main.storyboard */; };
		75F4B27C1B4C967700D1536D /* Images.xcassets in Resources */ = {isa = PBXBuildFile; fileRef = 75F4B27B1B4C967700D1536D /* Images.xcassets */; };
		75F4B27F1B4C967700D1536D /* LaunchScreen.xib in Resources */ = {isa = PBXBuildFile; fileRef = 75F4B27D1B4C967700D1536D /* LaunchScreen.xib */; };
		75F4B28B1B4C967700D1536D /* TraxTests.swift in Sources */ = {isa = PBXBuildFile; fileRef = 75F4B28A1B4C967700D1536D /* TraxTests.swift */; };
		75FBDB981B4DDFDC006B1F2F /* GPX.swift in Sources */ = {isa = PBXBuildFile; fileRef = 75FBDB971B4DDFDC006B1F2F /* GPX.swift */; };
		75FBDB9A1B4DEDAE006B1F2F /* MKGPX.swift in Sources */ = {isa = PBXBuildFile; fileRef = 75FBDB991B4DEDAE006B1F2F /* MKGPX.swift */; };
/* End PBXBuildFile section */

/* Begin PBXContainerItemProxy section */
		75F4B2851B4C967700D1536D /* PBXContainerItemProxy */ = {
			isa = PBXContainerItemProxy;
			containerPortal = 75F4B2671B4C967600D1536D /* Project object */;
			proxyType = 1;
			remoteGlobalIDString = 75F4B26E1B4C967600D1536D;
			remoteInfo = Trax;
		};
/* End PBXContainerItemProxy section */

/* Begin PBXFileReference section */
		75F4B26F1B4C967600D1536D /* Trax.app */ = {isa = PBXFileReference; explicitFileType = wrapper.application; includeInIndex = 0; path = Trax.app; sourceTree = BUILT_PRODUCTS_DIR; };
		75F4B2731B4C967600D1536D /* Info.plist */ = {isa = PBXFileReference; lastKnownFileType = text.plist.xml; path = Info.plist; sourceTree = "<group>"; };
		75F4B2741B4C967600D1536D /* AppDelegate.swift */ = {isa = PBXFileReference; lastKnownFileType = sourcecode.swift; path = AppDelegate.swift; sourceTree = "<group>"; };
		75F4B2761B4C967600D1536D /* GPXViewController.swift */ = {isa = PBXFileReference; lastKnownFileType = sourcecode.swift; path = GPXViewController.swift; sourceTree = "<group>"; };
		75F4B2791B4C967600D1536D /* Base */ = {isa = PBXFileReference; lastKnownFileType = file.storyboard; name = Base; path = Base.lproj/Main.storyboard; sourceTree = "<group>"; };
		75F4B27B1B4C967700D1536D /* Images.xcassets */ = {isa = PBXFileReference; lastKnownFileType = folder.assetcatalog; path = Images.xcassets; sourceTree = "<group>"; };
		75F4B27E1B4C967700D1536D /* Base */ = {isa = PBXFileReference; lastKnownFileType = file.xib; name = Base; path = Base.lproj/LaunchScreen.xib; sourceTree = "<group>"; };
		75F4B2841B4C967700D1536D /* TraxTests.xctest */ = {isa = PBXFileReference; explicitFileType = wrapper.cfbundle; includeInIndex = 0; path = TraxTests.xctest; sourceTree = BUILT_PRODUCTS_DIR; };
		75F4B2891B4C967700D1536D /* Info.plist */ = {isa = PBXFileReference; lastKnownFileType = text.plist.xml; path = Info.plist; sourceTree = "<group>"; };
		75F4B28A1B4C967700D1536D /* TraxTests.swift */ = {isa = PBXFileReference; lastKnownFileType = sourcecode.swift; path = TraxTests.swift; sourceTree = "<group>"; };
		75FBDB971B4DDFDC006B1F2F /* GPX.swift */ = {isa = PBXFileReference; fileEncoding = 4; lastKnownFileType = sourcecode.swift; path = GPX.swift; sourceTree = "<group>"; };
		75FBDB991B4DEDAE006B1F2F /* MKGPX.swift */ = {isa = PBXFileReference; fileEncoding = 4; lastKnownFileType = sourcecode.swift; path = MKGPX.swift; sourceTree = "<group>"; };
/* End PBXFileReference section */

/* Begin PBXFrameworksBuildPhase section */
		75F4B26C1B4C967600D1536D /* Frameworks */ = {
			isa = PBXFrameworksBuildPhase;
			buildActionMask = 2147483647;
			files = (
			);
			runOnlyForDeploymentPostprocessing = 0;
		};
		75F4B2811B4C967700D1536D /* Frameworks */ = {
			isa = PBXFrameworksBuildPhase;
			buildActionMask = 2147483647;
			files = (
			);
			runOnlyForDeploymentPostprocessing = 0;
		};
/* End PBXFrameworksBuildPhase section */

/* Begin PBXGroup section */
		75F4B2661B4C967600D1536D = {
			isa = PBXGroup;
			children = (
				75F4B2711B4C967600D1536D /* Trax */,
				75F4B2871B4C967700D1536D /* TraxTests */,
				75F4B2701B4C967600D1536D /* Products */,
			);
			sourceTree = "<group>";
		};
		75F4B2701B4C967600D1536D /* Products */ = {
			isa = PBXGroup;
			children = (
				75F4B26F1B4C967600D1536D /* Trax.app */,
				75F4B2841B4C967700D1536D /* TraxTests.xctest */,
			);
			name = Products;
			sourceTree = "<group>";
		};
		75F4B2711B4C967600D1536D /* Trax */ = {
			isa = PBXGroup;
			children = (
				75F4B2741B4C967600D1536D /* AppDelegate.swift */,
				75F4B2761B4C967600D1536D /* GPXViewController.swift */,
				75F4B2781B4C967600D1536D /* Main.storyboard */,
				75FBDB991B4DEDAE006B1F2F /* MKGPX.swift */,
				75FBDB971B4DDFDC006B1F2F /* GPX.swift */,
				75F4B2721B4C967600D1536D /* Supporting Files */,
			);
			path = Trax;
			sourceTree = "<group>";
		};
		75F4B2721B4C967600D1536D /* Supporting Files */ = {
			isa = PBXGroup;
			children = (
				75F4B27D1B4C967700D1536D /* LaunchScreen.xib */,
				75F4B27B1B4C967700D1536D /* Images.xcassets */,
				75F4B2731B4C967600D1536D /* Info.plist */,
			);
			name = "Supporting Files";
			sourceTree = "<group>";
		};
		75F4B2871B4C967700D1536D /* TraxTests */ = {
			isa = PBXGroup;
			children = (
				75F4B28A1B4C967700D1536D /* TraxTests.swift */,
				75F4B2881B4C967700D1536D /* Supporting Files */,
			);
			path = TraxTests;
			sourceTree = "<group>";
		};
		75F4B2881B4C967700D1536D /* Supporting Files */ = {
			isa = PBXGroup;
			children = (
				75F4B2891B4C967700D1536D /* Info.plist */,
			);
			name = "Supporting Files";
			sourceTree = "<group>";
		};
/* End PBXGroup section */

/* Begin PBXNativeTarget section */
		75F4B26E1B4C967600D1536D /* Trax */ = {
			isa = PBXNativeTarget;
			buildConfigurationList = 75F4B28E1B4C967700D1536D /* Build configuration list for PBXNativeTarget "Trax" */;
			buildPhases = (
				75F4B26B1B4C967600D1536D /* Sources */,
				75F4B26C1B4C967600D1536D /* Frameworks */,
				75F4B26D1B4C967600D1536D /* Resources */,
			);
			buildRules = (
			);
			dependencies = (
			);
			name = Trax;
			productName = Trax;
			productReference = 75F4B26F1B4C967600D1536D /* Trax.app */;
			productType = "com.apple.product-type.application";
		};
		75F4B2831B4C967700D1536D /* TraxTests */ = {
			isa = PBXNativeTarget;
			buildConfigurationList = 75F4B2911B4C967700D1536D /* Build configuration list for PBXNativeTarget "TraxTests" */;
			buildPhases = (
				75F4B2801B4C967700D1536D /* Sources */,
				75F4B2811B4C967700D1536D /* Frameworks */,
				75F4B2821B4C967700D1536D /* Resources */,
			);
			buildRules = (
			);
			dependencies = (
				75F4B2861B4C967700D1536D /* PBXTargetDependency */,
			);
			name = TraxTests;
			productName = TraxTests;
			productReference = 75F4B2841B4C967700D1536D /* TraxTests.xctest */;
			productType = "com.apple.product-type.bundle.unit-test";
		};
/* End PBXNativeTarget section */

/* Begin PBXProject section */
		75F4B2671B4C967600D1536D /* Project object */ = {
			isa = PBXProject;
			attributes = {
				LastUpgradeCheck = 0630;
				ORGANIZATIONNAME = "Jeff Greenberg";
				TargetAttributes = {
					75F4B26E1B4C967600D1536D = {
						CreatedOnToolsVersion = 6.3.2;
					};
					75F4B2831B4C967700D1536D = {
						CreatedOnToolsVersion = 6.3.2;
						TestTargetID = 75F4B26E1B4C967600D1536D;
					};
				};
			};
			buildConfigurationList = 75F4B26A1B4C967600D1536D /* Build configuration list for PBXProject "Trax" */;
			compatibilityVersion = "Xcode 3.2";
			developmentRegion = English;
			hasScannedForEncodings = 0;
			knownRegions = (
				en,
				Base,
			);
			mainGroup = 75F4B2661B4C967600D1536D;
			productRefGroup = 75F4B2701B4C967600D1536D /* Products */;
			projectDirPath = "";
			projectRoot = "";
			targets = (
				75F4B26E1B4C967600D1536D /* Trax */,
				75F4B2831B4C967700D1536D /* TraxTests */,
			);
		};
/* End PBXProject section */

/* Begin PBXResourcesBuildPhase section */
		75F4B26D1B4C967600D1536D /* Resources */ = {
			isa = PBXResourcesBuildPhase;
			buildActionMask = 2147483647;
			files = (
				75F4B27A1B4C967600D1536D /* Main.storyboard in Resources */,
				75F4B27F1B4C967700D1536D /* LaunchScreen.xib in Resources */,
				75F4B27C1B4C967700D1536D /* Images.xcassets in Resources */,
			);
			runOnlyForDeploymentPostprocessing = 0;
		};
		75F4B2821B4C967700D1536D /* Resources */ = {
			isa = PBXResourcesBuildPhase;
			buildActionMask = 2147483647;
			files = (
			);
			runOnlyForDeploymentPostprocessing = 0;
		};
/* End PBXResourcesBuildPhase section */

/* Begin PBXSourcesBuildPhase section */
		75F4B26B1B4C967600D1536D /* Sources */ = {
			isa = PBXSourcesBuildPhase;
			buildActionMask = 2147483647;
			files = (
				75F4B2771B4C967600D1536D /* GPXViewController.swift in Sources */,
				75FBDB9A1B4DEDAE006B1F2F /* MKGPX.swift in Sources */,
				75F4B2751B4C967600D1536D /* AppDelegate.swift in Sources */,
				75FBDB981B4DDFDC006B1F2F /* GPX.swift in Sources */,
			);
			runOnlyForDeploymentPostprocessing = 0;
		};
		75F4B2801B4C967700D1536D /* Sources */ = {
			isa = PBXSourcesBuildPhase;
			buildActionMask = 2147483647;
			files = (
				75F4B28B1B4C967700D1536D /* TraxTests.swift in Sources */,
			);
			runOnlyForDeploymentPostprocessing = 0;
		};
/* End PBXSourcesBuildPhase section */

/* Begin PBXTargetDependency section */
		75F4B2861B4C967700D1536D /* PBXTargetDependency */ = {
			isa = PBXTargetDependency;
			target = 75F4B26E1B4C967600D1536D /* Trax */;
			targetProxy = 75F4B2851B4C967700D1536D /* PBXContainerItemProxy */;
		};
/* End PBXTargetDependency section */

/* Begin PBXVariantGroup section */
		75F4B2781B4C967600D1536D /* Main.storyboard */ = {
			isa = PBXVariantGroup;
			children = (
				75F4B2791B4C967600D1536D /* Base */,
			);
			name = Main.storyboard;
			sourceTree = "<group>";
		};
		75F4B27D1B4C967700D1536D /* LaunchScreen.xib */ = {
			isa = PBXVariantGroup;
			children = (
				75F4B27E1B4C967700D1536D /* Base */,
			);
			name = LaunchScreen.xib;
			sourceTree = "<group>";
		};
/* End PBXVariantGroup section */

/* Begin XCBuildConfiguration section */
		75F4B28C1B4C967700D1536D /* Debug */ = {
			isa = XCBuildConfiguration;
			buildSettings = {
				ALWAYS_SEARCH_USER_PATHS = NO;
				CLANG_CXX_LANGUAGE_STANDARD = "gnu++0x";
				CLANG_CXX_LIBRARY = "libc++";
				CLANG_ENABLE_MODULES = YES;
				CLANG_ENABLE_OBJC_ARC = YES;
				CLANG_WARN_BOOL_CONVERSION = YES;
				CLANG_WARN_CONSTANT_CONVERSION = YES;
				CLANG_WARN_DIRECT_OBJC_ISA_USAGE = YES_ERROR;
				CLANG_WARN_EMPTY_BODY = YES;
				CLANG_WARN_ENUM_CONVERSION = YES;
				CLANG_WARN_INT_CONVERSION = YES;
				CLANG_WARN_OBJC_ROOT_CLASS = YES_ERROR;
				CLANG_WARN_UNREACHABLE_CODE = YES;
				CLANG_WARN__DUPLICATE_METHOD_MATCH = YES;
				"CODE_SIGN_IDENTITY[sdk=iphoneos*]" = "iPhone Developer";
				COPY_PHASE_STRIP = NO;
				DEBUG_INFORMATION_FORMAT = "dwarf-with-dsym";
				ENABLE_STRICT_OBJC_MSGSEND = YES;
				GCC_C_LANGUAGE_STANDARD = gnu99;
				GCC_DYNAMIC_NO_PIC = NO;
				GCC_NO_COMMON_BLOCKS = YES;
				GCC_OPTIMIZATION_LEVEL = 0;
				GCC_PREPROCESSOR_DEFINITIONS = (
					"DEBUG=1",
					"$(inherited)",
				);
				GCC_SYMBOLS_PRIVATE_EXTERN = NO;
				GCC_WARN_64_TO_32_BIT_CONVERSION = YES;
				GCC_WARN_ABOUT_RETURN_TYPE = YES_ERROR;
				GCC_WARN_UNDECLARED_SELECTOR = YES;
				GCC_WARN_UNINITIALIZED_AUTOS = YES_AGGRESSIVE;
				GCC_WARN_UNUSED_FUNCTION = YES;
				GCC_WARN_UNUSED_VARIABLE = YES;
				IPHONEOS_DEPLOYMENT_TARGET = 8.3;
				MTL_ENABLE_DEBUG_INFO = YES;
				ONLY_ACTIVE_ARCH = YES;
				SDKROOT = iphoneos;
				SWIFT_OPTIMIZATION_LEVEL = "-Onone";
				TARGETED_DEVICE_FAMILY = "1,2";
			};
			name = Debug;
		};
		75F4B28D1B4C967700D1536D /* Release */ = {
			isa = XCBuildConfiguration;
			buildSettings = {
				ALWAYS_SEARCH_USER_PATHS = NO;
				CLANG_CXX_LANGUAGE_STANDARD = "gnu++0x";
				CLANG_CXX_LIBRARY = "libc++";
				CLANG_ENABLE_MODULES = YES;
				CLANG_ENABLE_OBJC_ARC = YES;
				CLANG_WARN_BOOL_CONVERSION = YES;
				CLANG_WARN_CONSTANT_CONVERSION = YES;
				CLANG_WARN_DIRECT_OBJC_ISA_USAGE = YES_ERROR;
				CLANG_WARN_EMPTY_BODY = YES;
				CLANG_WARN_ENUM_CONVERSION = YES;
				CLANG_WARN_INT_CONVERSION = YES;
				CLANG_WARN_OBJC_ROOT_CLASS = YES_ERROR;
				CLANG_WARN_UNREACHABLE_CODE = YES;
				CLANG_WARN__DUPLICATE_METHOD_MATCH = YES;
				"CODE_SIGN_IDENTITY[sdk=iphoneos*]" = "iPhone Developer";
				COPY_PHASE_STRIP = NO;
				DEBUG_INFORMATION_FORMAT = "dwarf-with-dsym";
				ENABLE_NS_ASSERTIONS = NO;
				ENABLE_STRICT_OBJC_MSGSEND = YES;
				GCC_C_LANGUAGE_STANDARD = gnu99;
				GCC_NO_COMMON_BLOCKS = YES;
				GCC_WARN_64_TO_32_BIT_CONVERSION = YES;
				GCC_WARN_ABOUT_RETURN_TYPE = YES_ERROR;
				GCC_WARN_UNDECLARED_SELECTOR = YES;
				GCC_WARN_UNINITIALIZED_AUTOS = YES_AGGRESSIVE;
				GCC_WARN_UNUSED_FUNCTION = YES;
				GCC_WARN_UNUSED_VARIABLE = YES;
				IPHONEOS_DEPLOYMENT_TARGET = 8.3;
				MTL_ENABLE_DEBUG_INFO = NO;
				SDKROOT = iphoneos;
				TARGETED_DEVICE_FAMILY = "1,2";
				VALIDATE_PRODUCT = YES;
			};
			name = Release;
		};
		75F4B28F1B4C967700D1536D /* Debug */ = {
			isa = XCBuildConfiguration;
			buildSettings = {
				ASSETCATALOG_COMPILER_APPICON_NAME = AppIcon;
				INFOPLIST_FILE = Trax/Info.plist;
				LD_RUNPATH_SEARCH_PATHS = "$(inherited) @executable_path/Frameworks";
				PRODUCT_NAME = "$(TARGET_NAME)";
			};
			name = Debug;
		};
		75F4B2901B4C967700D1536D /* Release */ = {
			isa = XCBuildConfiguration;
			buildSettings = {
				ASSETCATALOG_COMPILER_APPICON_NAME = AppIcon;
				INFOPLIST_FILE = Trax/Info.plist;
				LD_RUNPATH_SEARCH_PATHS = "$(inherited) @executable_path/Frameworks";
				PRODUCT_NAME = "$(TARGET_NAME)";
			};
			name = Release;
		};
		75F4B2921B4C967700D1536D /* Debug */ = {
			isa = XCBuildConfiguration;
			buildSettings = {
				BUNDLE_LOADER = "$(TEST_HOST)";
				FRAMEWORK_SEARCH_PATHS = (
					"$(SDKROOT)/Developer/Library/Frameworks",
					"$(inherited)",
				);
				GCC_PREPROCESSOR_DEFINITIONS = (
					"DEBUG=1",
					"$(inherited)",
				);
				INFOPLIST_FILE = TraxTests/Info.plist;
				LD_RUNPATH_SEARCH_PATHS = "$(inherited) @executable_path/Frameworks @loader_path/Frameworks";
				PRODUCT_NAME = "$(TARGET_NAME)";
				TEST_HOST = "$(BUILT_PRODUCTS_DIR)/Trax.app/Trax";
			};
			name = Debug;
		};
		75F4B2931B4C967700D1536D /* Release */ = {
			isa = XCBuildConfiguration;
			buildSettings = {
				BUNDLE_LOADER = "$(TEST_HOST)";
				FRAMEWORK_SEARCH_PATHS = (
					"$(SDKROOT)/Developer/Library/Frameworks",
					"$(inherited)",
				);
				INFOPLIST_FILE = TraxTests/Info.plist;
				LD_RUNPATH_SEARCH_PATHS = "$(inherited) @executable_path/Frameworks @loader_path/Frameworks";
				PRODUCT_NAME = "$(TARGET_NAME)";
				TEST_HOST = "$(BUILT_PRODUCTS_DIR)/Trax.app/Trax";
			};
			name = Release;
		};
/* End XCBuildConfiguration section */

/* Begin XCConfigurationList section */
		75F4B26A1B4C967600D1536D /* Build configuration list for PBXProject "Trax" */ = {
			isa = XCConfigurationList;
			buildConfigurations = (
				75F4B28C1B4C967700D1536D /* Debug */,
				75F4B28D1B4C967700D1536D /* Release */,
			);
			defaultConfigurationIsVisible = 0;
			defaultConfigurationName = Release;
		};
		75F4B28E1B4C967700D1536D /* Build configuration list for PBXNativeTarget "Trax" */ = {
			isa = XCConfigurationList;
			buildConfigurations = (
				75F4B28F1B4C967700D1536D /* Debug */,
				75F4B2901B4C967700D1536D /* Release */,
			);
			defaultConfigurationIsVisible = 0;
			defaultConfigurationName = Release;
		};
		75F4B2911B4C967700D1536D /* Build configuration list for PBXNativeTarget "TraxTests" */ = {
			isa = XCConfigurationList;
			buildConfigurations = (
				75F4B2921B4C967700D1536D /* Debug */,
				75F4B2931B4C967700D1536D /* Release */,
			);
			defaultConfigurationIsVisible = 0;
			defaultConfigurationName = Release;
		};
/* End XCConfigurationList section */
	};
	rootObject = 75F4B2671B4C967600D1536D /* Project object */;
}
